
Microsoft Visual Studio Solution File, Format Version 12.00
# Visual Studio 15
VisualStudioVersion = 15.0.28307.329
MinimumVisualStudioVersion = 10.0.40219.1
Project("{FAE04EC0-301F-11D3-BF4B-00C04F79EFBC}") = "Task 4", "Task 4\Task 4.csproj", "{D02DC50E-63D5-48BB-B8C3-773B181907C1}"
EndProject
Global
	GlobalSection(SolutionConfigurationPlatforms) = preSolution
		Debug|Any CPU = Debug|Any CPU
		Release|Any CPU = Release|Any CPU
	EndGlobalSection
	GlobalSection(ProjectConfigurationPlatforms) = postSolution
		{D02DC50E-63D5-48BB-B8C3-773B181907C1}.Debug|Any CPU.ActiveCfg = Debug|Any CPU
		{D02DC50E-63D5-48BB-B8C3-773B181907C1}.Debug|Any CPU.Build.0 = Debug|Any CPU
		{D02DC50E-63D5-48BB-B8C3-773B181907C1}.Release|Any CPU.ActiveCfg = Release|Any CPU
		{D02DC50E-63D5-48BB-B8C3-773B181907C1}.Release|Any CPU.Build.0 = Release|Any CPU
	EndGlobalSection
	GlobalSection(SolutionProperties) = preSolution
		HideSolutionNode = FALSE
	EndGlobalSection
	GlobalSection(ExtensibilityGlobals) = postSolution
		SolutionGuid = {23EC93F9-F17B-4A68-B537-A096CE468464}
	EndGlobalSection
EndGlobal
