
Microsoft Visual Studio Solution File, Format Version 12.00
# Visual Studio 15
VisualStudioVersion = 15.0.28307.329
MinimumVisualStudioVersion = 10.0.40219.1
Project("{FAE04EC0-301F-11D3-BF4B-00C04F79EFBC}") = "Task 1", "Task 1\Task 1.csproj", "{67C1D93D-15EC-4F86-8C63-91CBD1E17D1D}"
EndProject
Global
	GlobalSection(SolutionConfigurationPlatforms) = preSolution
		Debug|Any CPU = Debug|Any CPU
		Release|Any CPU = Release|Any CPU
	EndGlobalSection
	GlobalSection(ProjectConfigurationPlatforms) = postSolution
		{67C1D93D-15EC-4F86-8C63-91CBD1E17D1D}.Debug|Any CPU.ActiveCfg = Debug|Any CPU
		{67C1D93D-15EC-4F86-8C63-91CBD1E17D1D}.Debug|Any CPU.Build.0 = Debug|Any CPU
		{67C1D93D-15EC-4F86-8C63-91CBD1E17D1D}.Release|Any CPU.ActiveCfg = Release|Any CPU
		{67C1D93D-15EC-4F86-8C63-91CBD1E17D1D}.Release|Any CPU.Build.0 = Release|Any CPU
	EndGlobalSection
	GlobalSection(SolutionProperties) = preSolution
		HideSolutionNode = FALSE
	EndGlobalSection
	GlobalSection(ExtensibilityGlobals) = postSolution
		SolutionGuid = {61C62CAC-E024-4BF3-A877-7412052C3EA9}
	EndGlobalSection
EndGlobal
